PATH
  remote: .
  specs:
    terser (1.2.8)
      execjs (>= 0.3.0, < 3)

GEM
  remote: https://rubygems.org/
  specs:
    ast (2.4.3)
    diff-lcs (1.6.2)
    execjs (2.10.1)
    json (2.21.2)
    language_server-protocol (3.17.0.6)
    parallel (1.28.0)
    parser (3.3.12.0)
      ast (~> 2.4.1)
      racc
    prism (1.9.0)
    racc (1.8.1)
    rainbow (3.1.1)
    rake (13.4.2)
    regexp_parser (2.12.0)
    rexml (3.4.4)
    rspec (3.13.2)
      rspec-core (~> 3.13.0)
      rspec-expectations (~> 3.13.0)
      rspec-mocks (~> 3.13.0)
    rspec-core (3.13.6)
      rspec-support (~> 3.13.0)
    rspec-expectations (3.13.5)
      diff-lcs (>= 1.2.0, < 2.0)
      rspec-support (~> 3.13.0)
    rspec-mocks (3.13.8)
      diff-lcs (>= 1.2.0, < 2.0)
      rspec-support (~> 3.13.0)
    rspec-support (3.13.7)
    rubocop (1.60.2)
      json (~> 2.3)
      language_server-protocol (>= 3.17.0)
      parallel (~> 1.10)
      parser (>= 3.3.0.2)
      rainbow (>= 2.2.2, < 4.0)
      regexp_parser (>= 1.8, < 3.0)
      rexml (>= 3.2.5, < 4.0)
      rubocop-ast (>= 1.30.0, < 2.0)
      ruby-progressbar (~> 1.7)
      unicode-display_width (>= 2.4.0, < 3.0)
    rubocop-ast (1.50.0)
      parser (>= 3.3.7.2)
      prism (~> 1.7)
    rubocop-performance (1.20.2)
      rubocop (>= 1.48.1, < 2.0)
      rubocop-ast (>= 1.30.0, < 2.0)
    ruby-progressbar (1.13.0)
    sourcemap (0.1.1)
    unicode-display_width (2.6.0)

PLATFORMS
  arm64-darwin-24
  ruby

DEPENDENCIES
  bundler (>= 1.3)
  rake (~> 13.0)
  rspec (~> 3.0)
  rubocop (~> 1.60.1)
  rubocop-performance (~> 1.20.2)
  sourcemap (~> 0.1.1)
  terser!

BUNDLED WITH
   2.6.9
